
Microsoft Visual Studio Solution File, Format Version 12.00
# Visual Studio Version 17
VisualStudioVersion = 17.7.34024.191
MinimumVisualStudioVersion = 10.0.40219.1
Project("{FAE04EC0-301F-11D3-BF4B-00C04F79EFBC}") = "SportsECommerce", "SportsECommerce\SportsECommerce.csproj", "{870C8F69-0A28-472F-B614-3C8CD22924EE}"
EndProject
Global
	GlobalSection(SolutionConfigurationPlatforms) = preSolution
		Debug|Any CPU = Debug|Any CPU
		Release|Any CPU = Release|Any CPU
	EndGlobalSection
	GlobalSection(ProjectConfigurationPlatforms) = postSolution
		{870C8F69-0A28-472F-B614-3C8CD22924EE}.Debug|Any CPU.ActiveCfg = Debug|Any CPU
		{870C8F69-0A28-472F-B614-3C8CD22924EE}.Debug|Any CPU.Build.0 = Debug|Any CPU
		{870C8F69-0A28-472F-B614-3C8CD22924EE}.Release|Any CPU.ActiveCfg = Release|Any CPU
		{870C8F69-0A28-472F-B614-3C8CD22924EE}.Release|Any CPU.Build.0 = Release|Any CPU
	EndGlobalSection
	GlobalSection(SolutionProperties) = preSolution
		HideSolutionNode = FALSE
	EndGlobalSection
	GlobalSection(ExtensibilityGlobals) = postSolution
		SolutionGuid = {4CC96CEB-E08E-40B5-8339-EAD12A8FE457}
	EndGlobalSection
EndGlobal
